{
  "lockfileVersion": 1,
  "configVersion": 1,
  "workspaces": {
    "": {
      "name": "pstack-mod",
      "peerDependencies": {
        "@earendil-works/pi-coding-agent": "*",
        "typebox": "*",
      },
      "optionalPeers": [
        "@earendil-works/pi-coding-agent",
      ],
    },
  },
  "packages": {
    "typebox": ["typebox@1.3.34", "", {}, "sha512-wbnzrXXDW8xEFHDZZs2jo1MkhaYlKAY4FRhpBc1+2LF1fZVBGCXGdLEhA/Z/NBbgzJMFfeM8m7elKPa/+KxaUQ=="],
  }
}
